
Microsoft Visual Studio Solution File, Format Version 12.00
# Visual Studio Version 16
VisualStudioVersion = 16.0.30114.105
MinimumVisualStudioVersion = 10.0.40219.1
Project("{9A19103F-16F7-4668-BE54-9A1E7A4F7556}") = "DarknessUnbound", "DarknessUnbound.csproj", "{CDDF4233-C1E5-41E0-BE65-597348F3CA62}"
EndProject
Global
	GlobalSection(SolutionConfigurationPlatforms) = preSolution
		Debug|Any CPU = Debug|Any CPU
		Release|Any CPU = Release|Any CPU
	EndGlobalSection
	GlobalSection(ProjectConfigurationPlatforms) = postSolution
		{CDDF4233-C1E5-41E0-BE65-597348F3CA62}.Debug|Any CPU.ActiveCfg = Debug|Any CPU
		{CDDF4233-C1E5-41E0-BE65-597348F3CA62}.Debug|Any CPU.Build.0 = Debug|Any CPU
		{CDDF4233-C1E5-41E0-BE65-597348F3CA62}.Release|Any CPU.ActiveCfg = Release|Any CPU
		{CDDF4233-C1E5-41E0-BE65-597348F3CA62}.Release|Any CPU.Build.0 = Release|Any CPU
	EndGlobalSection
	GlobalSection(SolutionProperties) = preSolution
		HideSolutionNode = FALSE
	EndGlobalSection
	GlobalSection(ExtensibilityGlobals) = postSolution
		SolutionGuid = {03A3EB48-FB4B-44C8-B4A8-362C40E6D569}
	EndGlobalSection
EndGlobal
