
Microsoft Visual Studio Solution File, Format Version 12.00
# Visual Studio Version 16
VisualStudioVersion = 16.0.30330.147
MinimumVisualStudioVersion = 10.0.40219.1
Project("{9A19103F-16F7-4668-BE54-9A1E7A4F7556}") = "DarknessUnbound", "DarknessUnbound.csproj", "{8B843125-AFE1-412C-AC6B-5E618983E423}"
EndProject
Global
	GlobalSection(SolutionConfigurationPlatforms) = preSolution
		Debug|Any CPU = Debug|Any CPU
		Release|Any CPU = Release|Any CPU
	EndGlobalSection
	GlobalSection(ProjectConfigurationPlatforms) = postSolution
		{8B843125-AFE1-412C-AC6B-5E618983E423}.Debug|Any CPU.ActiveCfg = Debug|Any CPU
		{8B843125-AFE1-412C-AC6B-5E618983E423}.Debug|Any CPU.Build.0 = Debug|Any CPU
		{8B843125-AFE1-412C-AC6B-5E618983E423}.Release|Any CPU.ActiveCfg = Release|Any CPU
		{8B843125-AFE1-412C-AC6B-5E618983E423}.Release|Any CPU.Build.0 = Release|Any CPU
	EndGlobalSection
	GlobalSection(SolutionProperties) = preSolution
		HideSolutionNode = FALSE
	EndGlobalSection
	GlobalSection(ExtensibilityGlobals) = postSolution
		SolutionGuid = {03792837-B505-4242-B816-6385FA6D6F7C}
	EndGlobalSection
EndGlobal
